
Microsoft Visual Studio Solution File, Format Version 12.00
# Visual Studio Version 17
VisualStudioVersion = 17.4.33122.133
MinimumVisualStudioVersion = 10.0.40219.1
Project("{FAE04EC0-301F-11D3-BF4B-00C04F79EFBC}") = "Olio ohjelmointi", "Olio ohjelmointi\Olio ohjelmointi.csproj", "{106832C4-DE61-42E4-8CD8-54D148E4CA2C}"
EndProject
Project("{FAE04EC0-301F-11D3-BF4B-00C04F79EFBC}") = "Harjotus 1", "Harjotus1\Harjotus 1.csproj", "{AC158AC1-3AB0-487A-B8D7-CF204C2EA7B5}"
EndProject
Project("{FAE04EC0-301F-11D3-BF4B-00C04F79EFBC}") = "Harjotus 2", "Harjotus2\Harjotus 2.csproj", "{E52DD427-8EE9-43BB-9801-2D2AF3CF1916}"
EndProject
Project("{FAE04EC0-301F-11D3-BF4B-00C04F79EFBC}") = "Harjotus 3", "Harjotus3\Harjotus 3.csproj", "{2D897283-1D01-4330-9784-D8B9EAC860B5}"
EndProject
Project("{FAE04EC0-301F-11D3-BF4B-00C04F79EFBC}") = "Harjotus 4", "Harjotus4\Harjotus 4.csproj", "{E3BB7282-3AD6-44E9-9065-5015D8BFB6C5}"
EndProject
Project("{FAE04EC0-301F-11D3-BF4B-00C04F79EFBC}") = "Harjootus 5", "Harjootus 5\Harjootus 5.csproj", "{C1488AEA-2A67-472A-A3D3-2265CCFA29EF}"
EndProject
Project("{FAE04EC0-301F-11D3-BF4B-00C04F79EFBC}") = "Perintä", "Perintä\Perintä.csproj", "{DC3C251D-0D9E-4367-BDA4-D72710B4A816}"
EndProject
Project("{FAE04EC0-301F-11D3-BF4B-00C04F79EFBC}") = "Harjoitus 6", "Harjoitus 6\Harjoitus 6.csproj", "{699CE4FC-C56F-45E9-9672-E9A36BB10DB9}"
EndProject
Project("{FAE04EC0-301F-11D3-BF4B-00C04F79EFBC}") = "HArjoitus 7", "HArjoitus 7\HArjoitus 7.csproj", "{8A55B866-F11F-4A0D-9A04-1616DC9CB0B8}"
EndProject
Project("{FAE04EC0-301F-11D3-BF4B-00C04F79EFBC}") = "Harjoitus 8", "Harjoitus 8\Harjoitus 8.csproj", "{DF3F4DB5-2D66-4C7A-A6F3-E9252FB0DEDB}"
EndProject
Project("{FAE04EC0-301F-11D3-BF4B-00C04F79EFBC}") = "WpfApp1", "WpfApp1\WpfApp1.csproj", "{E630E483-B2C0-4839-9AA9-E5580E891253}"
EndProject
Project("{FAE04EC0-301F-11D3-BF4B-00C04F79EFBC}") = "toinen", "toinen\toinen.csproj", "{132081AA-EA37-4C3C-9D9C-670F020D63C7}"
EndProject
Project("{FAE04EC0-301F-11D3-BF4B-00C04F79EFBC}") = "Wpf Harjoitus 16", "Wpf Harjoitus 16\Wpf Harjoitus 16.csproj", "{111D9B74-D729-4F28-B98A-EEFA87AF1CFA}"
EndProject
Project("{FAE04EC0-301F-11D3-BF4B-00C04F79EFBC}") = "wpf harjoitus auto", "wpf harjoitus auto\wpf harjoitus auto.csproj", "{A36CCCE3-5893-4C5C-A25E-7D0CA95411DC}"
EndProject
Project("{FAE04EC0-301F-11D3-BF4B-00C04F79EFBC}") = "kiuas2 WPF", "kiuas2 WPF\kiuas2 WPF.csproj", "{EEC32FE8-CBC4-44E5-BF3A-A5B349698F08}"
EndProject
Global
	GlobalSection(SolutionConfigurationPlatforms) = preSolution
		Debug|Any CPU = Debug|Any CPU
		Release|Any CPU = Release|Any CPU
	EndGlobalSection
	GlobalSection(ProjectConfigurationPlatforms) = postSolution
		{106832C4-DE61-42E4-8CD8-54D148E4CA2C}.Debug|Any CPU.ActiveCfg = Debug|Any CPU
		{106832C4-DE61-42E4-8CD8-54D148E4CA2C}.Debug|Any CPU.Build.0 = Debug|Any CPU
		{106832C4-DE61-42E4-8CD8-54D148E4CA2C}.Release|Any CPU.ActiveCfg = Release|Any CPU
		{106832C4-DE61-42E4-8CD8-54D148E4CA2C}.Release|Any CPU.Build.0 = Release|Any CPU
		{AC158AC1-3AB0-487A-B8D7-CF204C2EA7B5}.Debug|Any CPU.ActiveCfg = Debug|Any CPU
		{AC158AC1-3AB0-487A-B8D7-CF204C2EA7B5}.Debug|Any CPU.Build.0 = Debug|Any CPU
		{AC158AC1-3AB0-487A-B8D7-CF204C2EA7B5}.Release|Any CPU.ActiveCfg = Release|Any CPU
		{AC158AC1-3AB0-487A-B8D7-CF204C2EA7B5}.Release|Any CPU.Build.0 = Release|Any CPU
		{E52DD427-8EE9-43BB-9801-2D2AF3CF1916}.Debug|Any CPU.ActiveCfg = Debug|Any CPU
		{E52DD427-8EE9-43BB-9801-2D2AF3CF1916}.Debug|Any CPU.Build.0 = Debug|Any CPU
		{E52DD427-8EE9-43BB-9801-2D2AF3CF1916}.Release|Any CPU.ActiveCfg = Release|Any CPU
		{E52DD427-8EE9-43BB-9801-2D2AF3CF1916}.Release|Any CPU.Build.0 = Release|Any CPU
		{2D897283-1D01-4330-9784-D8B9EAC860B5}.Debug|Any CPU.ActiveCfg = Debug|Any CPU
		{2D897283-1D01-4330-9784-D8B9EAC860B5}.Debug|Any CPU.Build.0 = Debug|Any CPU
		{2D897283-1D01-4330-9784-D8B9EAC860B5}.Release|Any CPU.ActiveCfg = Release|Any CPU
		{2D897283-1D01-4330-9784-D8B9EAC860B5}.Release|Any CPU.Build.0 = Release|Any CPU
		{E3BB7282-3AD6-44E9-9065-5015D8BFB6C5}.Debug|Any CPU.ActiveCfg = Debug|Any CPU
		{E3BB7282-3AD6-44E9-9065-5015D8BFB6C5}.Debug|Any CPU.Build.0 = Debug|Any CPU
		{E3BB7282-3AD6-44E9-9065-5015D8BFB6C5}.Release|Any CPU.ActiveCfg = Release|Any CPU
		{E3BB7282-3AD6-44E9-9065-5015D8BFB6C5}.Release|Any CPU.Build.0 = Release|Any CPU
		{C1488AEA-2A67-472A-A3D3-2265CCFA29EF}.Debug|Any CPU.ActiveCfg = Debug|Any CPU
		{C1488AEA-2A67-472A-A3D3-2265CCFA29EF}.Debug|Any CPU.Build.0 = Debug|Any CPU
		{C1488AEA-2A67-472A-A3D3-2265CCFA29EF}.Release|Any CPU.ActiveCfg = Release|Any CPU
		{C1488AEA-2A67-472A-A3D3-2265CCFA29EF}.Release|Any CPU.Build.0 = Release|Any CPU
		{DC3C251D-0D9E-4367-BDA4-D72710B4A816}.Debug|Any CPU.ActiveCfg = Debug|Any CPU
		{DC3C251D-0D9E-4367-BDA4-D72710B4A816}.Debug|Any CPU.Build.0 = Debug|Any CPU
		{DC3C251D-0D9E-4367-BDA4-D72710B4A816}.Release|Any CPU.ActiveCfg = Release|Any CPU
		{DC3C251D-0D9E-4367-BDA4-D72710B4A816}.Release|Any CPU.Build.0 = Release|Any CPU
		{699CE4FC-C56F-45E9-9672-E9A36BB10DB9}.Debug|Any CPU.ActiveCfg = Debug|Any CPU
		{699CE4FC-C56F-45E9-9672-E9A36BB10DB9}.Debug|Any CPU.Build.0 = Debug|Any CPU
		{699CE4FC-C56F-45E9-9672-E9A36BB10DB9}.Release|Any CPU.ActiveCfg = Release|Any CPU
		{699CE4FC-C56F-45E9-9672-E9A36BB10DB9}.Release|Any CPU.Build.0 = Release|Any CPU
		{8A55B866-F11F-4A0D-9A04-1616DC9CB0B8}.Debug|Any CPU.ActiveCfg = Debug|Any CPU
		{8A55B866-F11F-4A0D-9A04-1616DC9CB0B8}.Debug|Any CPU.Build.0 = Debug|Any CPU
		{8A55B866-F11F-4A0D-9A04-1616DC9CB0B8}.Release|Any CPU.ActiveCfg = Release|Any CPU
		{8A55B866-F11F-4A0D-9A04-1616DC9CB0B8}.Release|Any CPU.Build.0 = Release|Any CPU
		{DF3F4DB5-2D66-4C7A-A6F3-E9252FB0DEDB}.Debug|Any CPU.ActiveCfg = Debug|Any CPU
		{DF3F4DB5-2D66-4C7A-A6F3-E9252FB0DEDB}.Debug|Any CPU.Build.0 = Debug|Any CPU
		{DF3F4DB5-2D66-4C7A-A6F3-E9252FB0DEDB}.Release|Any CPU.ActiveCfg = Release|Any CPU
		{DF3F4DB5-2D66-4C7A-A6F3-E9252FB0DEDB}.Release|Any CPU.Build.0 = Release|Any CPU
		{E630E483-B2C0-4839-9AA9-E5580E891253}.Debug|Any CPU.ActiveCfg = Debug|Any CPU
		{E630E483-B2C0-4839-9AA9-E5580E891253}.Debug|Any CPU.Build.0 = Debug|Any CPU
		{E630E483-B2C0-4839-9AA9-E5580E891253}.Release|Any CPU.ActiveCfg = Release|Any CPU
		{E630E483-B2C0-4839-9AA9-E5580E891253}.Release|Any CPU.Build.0 = Release|Any CPU
		{132081AA-EA37-4C3C-9D9C-670F020D63C7}.Debug|Any CPU.ActiveCfg = Debug|Any CPU
		{132081AA-EA37-4C3C-9D9C-670F020D63C7}.Debug|Any CPU.Build.0 = Debug|Any CPU
		{132081AA-EA37-4C3C-9D9C-670F020D63C7}.Release|Any CPU.ActiveCfg = Release|Any CPU
		{132081AA-EA37-4C3C-9D9C-670F020D63C7}.Release|Any CPU.Build.0 = Release|Any CPU
		{111D9B74-D729-4F28-B98A-EEFA87AF1CFA}.Debug|Any CPU.ActiveCfg = Debug|Any CPU
		{111D9B74-D729-4F28-B98A-EEFA87AF1CFA}.Debug|Any CPU.Build.0 = Debug|Any CPU
		{111D9B74-D729-4F28-B98A-EEFA87AF1CFA}.Release|Any CPU.ActiveCfg = Release|Any CPU
		{111D9B74-D729-4F28-B98A-EEFA87AF1CFA}.Release|Any CPU.Build.0 = Release|Any CPU
		{A36CCCE3-5893-4C5C-A25E-7D0CA95411DC}.Debug|Any CPU.ActiveCfg = Debug|Any CPU
		{A36CCCE3-5893-4C5C-A25E-7D0CA95411DC}.Debug|Any CPU.Build.0 = Debug|Any CPU
		{A36CCCE3-5893-4C5C-A25E-7D0CA95411DC}.Release|Any CPU.ActiveCfg = Release|Any CPU
		{A36CCCE3-5893-4C5C-A25E-7D0CA95411DC}.Release|Any CPU.Build.0 = Release|Any CPU
		{EEC32FE8-CBC4-44E5-BF3A-A5B349698F08}.Debug|Any CPU.ActiveCfg = Debug|Any CPU
		{EEC32FE8-CBC4-44E5-BF3A-A5B349698F08}.Debug|Any CPU.Build.0 = Debug|Any CPU
		{EEC32FE8-CBC4-44E5-BF3A-A5B349698F08}.Release|Any CPU.ActiveCfg = Release|Any CPU
		{EEC32FE8-CBC4-44E5-BF3A-A5B349698F08}.Release|Any CPU.Build.0 = Release|Any CPU
	EndGlobalSection
	GlobalSection(SolutionProperties) = preSolution
		HideSolutionNode = FALSE
	EndGlobalSection
	GlobalSection(ExtensibilityGlobals) = postSolution
		SolutionGuid = {72E6A371-CA17-4889-B276-88BF264C8161}
	EndGlobalSection
EndGlobal
